
Microsoft Visual Studio Solution File, Format Version 12.00
# Visual Studio Version 17
VisualStudioVersion = 17.14.36705.20 d17.14
MinimumVisualStudioVersion = 10.0.40219.1
Project("{FAE04EC0-301F-11D3-BF4B-00C04F79EFBC}") = "adventofcode", "adventofcode\adventofcode.csproj", "{2EC46033-E3C6-4146-9B6A-9FA8FF7F5B13}"
EndProject
Global
	GlobalSection(SolutionConfigurationPlatforms) = preSolution
		Debug|Any CPU = Debug|Any CPU
		Release|Any CPU = Release|Any CPU
	EndGlobalSection
	GlobalSection(ProjectConfigurationPlatforms) = postSolution
		{2EC46033-E3C6-4146-9B6A-9FA8FF7F5B13}.Debug|Any CPU.ActiveCfg = Debug|Any CPU
		{2EC46033-E3C6-4146-9B6A-9FA8FF7F5B13}.Debug|Any CPU.Build.0 = Debug|Any CPU
		{2EC46033-E3C6-4146-9B6A-9FA8FF7F5B13}.Release|Any CPU.ActiveCfg = Release|Any CPU
		{2EC46033-E3C6-4146-9B6A-9FA8FF7F5B13}.Release|Any CPU.Build.0 = Release|Any CPU
	EndGlobalSection
	GlobalSection(SolutionProperties) = preSolution
		HideSolutionNode = FALSE
	EndGlobalSection
	GlobalSection(ExtensibilityGlobals) = postSolution
		SolutionGuid = {B74F0CDA-2732-4106-A151-7F4A9AA85F06}
	EndGlobalSection
EndGlobal
